// !$*UTF8*$!
{
	archiveVersion = 1;
	classes = {
	};
	objectVersion = 46;
	objects = {

/* Begin PBXBuildFile section */
		C46F514217DD7706000C3B2E /* UIKit.framework in Frameworks */ = {isa = PBXBuildFile; fileRef = C46F514117DD7706000C3B2E /* UIKit.framework */; };
		C46F514417DD7706000C3B2E /* Foundation.framework in Frameworks */ = {isa = PBXBuildFile; fileRef = C46F514317DD7706000C3B2E /* Foundation.framework */; };
		C46F514617DD7706000C3B2E /* CoreGraphics.framework in Frameworks */ = {isa = PBXBuildFile; fileRef = C46F514517DD7706000C3B2E /* CoreGraphics.framework */; };
		C46F514C17DD7706000C3B2E /* InfoPlist.strings in Resources */ = {isa = PBXBuildFile; fileRef = C46F514A17DD7706000C3B2E /* InfoPlist.strings */; };
		C46F514E17DD7706000C3B2E /* main.m in Sources */ = {isa = PBXBuildFile; fileRef = C46F514D17DD7706000C3B2E /* main.m */; };
		C46F515217DD7706000C3B2E /* AppDelegate.m in Sources */ = {isa = PBXBuildFile; fileRef = C46F515117DD7706000C3B2E /* AppDelegate.m */; };
		C46F515417DD7707000C3B2E /* Default.png in Resources */ = {isa = PBXBuildFile; fileRef = C46F515317DD7707000C3B2E /* Default.png */; };
		C46F515617DD7707000C3B2E /* Default@2x.png in Resources */ = {isa = PBXBuildFile; fileRef = C46F515517DD7707000C3B2E /* Default@2x.png */; };
		C46F515817DD7707000C3B2E /* Default-568h@2x.png in Resources */ = {isa = PBXBuildFile; fileRef = C46F515717DD7707000C3B2E /* Default-568h@2x.png */; };
		C46F515F17DD7836000C3B2E /* QuartzCore.framework in Frameworks */ = {isa = PBXBuildFile; fileRef = C46F515E17DD7836000C3B2E /* QuartzCore.framework */; };
		C46F516217DD79CF000C3B2E /* MMDrawerController.m in Sources */ = {isa = PBXBuildFile; fileRef = C46F516117DD79CF000C3B2E /* MMDrawerController.m */; };
		C46F516817DD7A21000C3B2E /* UIViewController+MMDrawerController.m in Sources */ = {isa = PBXBuildFile; fileRef = C46F516717DD7A20000C3B2E /* UIViewController+MMDrawerController.m */; };
		C46F516E17DD7A68000C3B2E /* MMDrawerVisualState.m in Sources */ = {isa = PBXBuildFile; fileRef = C46F516D17DD7A68000C3B2E /* MMDrawerVisualState.m */; };
		C46F517117DD7A8C000C3B2E /* MMExampleDrawerVisualStateManager.m in Sources */ = {isa = PBXBuildFile; fileRef = C46F517017DD7A8C000C3B2E /* MMExampleDrawerVisualStateManager.m */; };
		C46F517417DD7B27000C3B2E /* MMDrawerBarButtonItem.m in Sources */ = {isa = PBXBuildFile; fileRef = C46F517317DD7B27000C3B2E /* MMDrawerBarButtonItem.m */; };
		C46F517817DD7D48000C3B2E /* LeftViewController.m in Sources */ = {isa = PBXBuildFile; fileRef = C46F517717DD7D48000C3B2E /* LeftViewController.m */; };
		C46F517B17DD7D6B000C3B2E /* RightViewController.m in Sources */ = {isa = PBXBuildFile; fileRef = C46F517A17DD7D6B000C3B2E /* RightViewController.m */; };
		C46F517E17DD7D72000C3B2E /* CenterViewController.m in Sources */ = {isa = PBXBuildFile; fileRef = C46F517D17DD7D72000C3B2E /* CenterViewController.m */; };
/* End PBXBuildFile section */

/* Begin PBXFileReference section */
		C46F513E17DD7706000C3B2E /* SliderDraw.app */ = {isa = PBXFileReference; explicitFileType = wrapper.application; includeInIndex = 0; path = SliderDraw.app; sourceTree = BUILT_PRODUCTS_DIR; };
		C46F514117DD7706000C3B2E /* UIKit.framework */ = {isa = PBXFileReference; lastKnownFileType = wrapper.framework; name = UIKit.framework; path = System/Library/Frameworks/UIKit.framework; sourceTree = SDKROOT; };
		C46F514317DD7706000C3B2E /* Foundation.framework */ = {isa = PBXFileReference; lastKnownFileType = wrapper.framework; name = Foundation.framework; path = System/Library/Frameworks/Foundation.framework; sourceTree = SDKROOT; };
		C46F514517DD7706000C3B2E /* CoreGraphics.framework */ = {isa = PBXFileReference; lastKnownFileType = wrapper.framework; name = CoreGraphics.framework; path = System/Library/Frameworks/CoreGraphics.framework; sourceTree = SDKROOT; };
		C46F514917DD7706000C3B2E /* SliderDraw-Info.plist */ = {isa = PBXFileReference; lastKnownFileType = text.plist.xml; path = "SliderDraw-Info.plist"; sourceTree = "<group>"; };
		C46F514B17DD7706000C3B2E /* en */ = {isa = PBXFileReference; lastKnownFileType = text.plist.strings; name = en; path = en.lproj/InfoPlist.strings; sourceTree = "<group>"; };
		C46F514D17DD7706000C3B2E /* main.m */ = {isa = PBXFileReference; lastKnownFileType = sourcecode.c.objc; path = main.m; sourceTree = "<group>"; };
		C46F514F17DD7706000C3B2E /* SliderDraw-Prefix.pch */ = {isa = PBXFileReference; lastKnownFileType = sourcecode.c.h; path = "SliderDraw-Prefix.pch"; sourceTree = "<group>"; };
		C46F515017DD7706000C3B2E /* AppDelegate.h */ = {isa = PBXFileReference; lastKnownFileType = sourcecode.c.h; path = AppDelegate.h; sourceTree = "<group>"; };
		C46F515117DD7706000C3B2E /* AppDelegate.m */ = {isa = PBXFileReference; lastKnownFileType = sourcecode.c.objc; path = AppDelegate.m; sourceTree = "<group>"; };
		C46F515317DD7707000C3B2E /* Default.png */ = {isa = PBXFileReference; lastKnownFileType = image.png; path = Default.png; sourceTree = "<group>"; };
		C46F515517DD7707000C3B2E /* Default@2x.png */ = {isa = PBXFileReference; lastKnownFileType = image.png; path = "Default@2x.png"; sourceTree = "<group>"; };
		C46F515717DD7707000C3B2E /* Default-568h@2x.png */ = {isa = PBXFileReference; lastKnownFileType = image.png; path = "Default-568h@2x.png"; sourceTree = "<group>"; };
		C46F515E17DD7836000C3B2E /* QuartzCore.framework */ = {isa = PBXFileReference; lastKnownFileType = wrapper.framework; name = QuartzCore.framework; path = System/Library/Frameworks/QuartzCore.framework; sourceTree = SDKROOT; };
		C46F516017DD79CF000C3B2E /* MMDrawerController.h */ = {isa = PBXFileReference; fileEncoding = 4; lastKnownFileType = sourcecode.c.h; path = MMDrawerController.h; sourceTree = "<group>"; };
		C46F516117DD79CF000C3B2E /* MMDrawerController.m */ = {isa = PBXFileReference; fileEncoding = 4; lastKnownFileType = sourcecode.c.objc; path = MMDrawerController.m; sourceTree = "<group>"; };
		C46F516617DD7A20000C3B2E /* UIViewController+MMDrawerController.h */ = {isa = PBXFileReference; fileEncoding = 4; lastKnownFileType = sourcecode.c.h; path = "UIViewController+MMDrawerController.h"; sourceTree = "<group>"; };
		C46F516717DD7A20000C3B2E /* UIViewController+MMDrawerController.m */ = {isa = PBXFileReference; fileEncoding = 4; lastKnownFileType = sourcecode.c.objc; path = "UIViewController+MMDrawerController.m"; sourceTree = "<group>"; };
		C46F516C17DD7A68000C3B2E /* MMDrawerVisualState.h */ = {isa = PBXFileReference; fileEncoding = 4; lastKnownFileType = sourcecode.c.h; path = MMDrawerVisualState.h; sourceTree = "<group>"; };
		C46F516D17DD7A68000C3B2E /* MMDrawerVisualState.m */ = {isa = PBXFileReference; fileEncoding = 4; lastKnownFileType = sourcecode.c.objc; path = MMDrawerVisualState.m; sourceTree = "<group>"; };
		C46F516F17DD7A8C000C3B2E /* MMExampleDrawerVisualStateManager.h */ = {isa = PBXFileReference; fileEncoding = 4; lastKnownFileType = sourcecode.c.h; path = MMExampleDrawerVisualStateManager.h; sourceTree = "<group>"; };
		C46F517017DD7A8C000C3B2E /* MMExampleDrawerVisualStateManager.m */ = {isa = PBXFileReference; fileEncoding = 4; lastKnownFileType = sourcecode.c.objc; path = MMExampleDrawerVisualStateManager.m; sourceTree = "<group>"; };
		C46F517217DD7B27000C3B2E /* MMDrawerBarButtonItem.h */ = {isa = PBXFileReference; fileEncoding = 4; lastKnownFileType = sourcecode.c.h; path = MMDrawerBarButtonItem.h; sourceTree = "<group>"; };
		C46F517317DD7B27000C3B2E /* MMDrawerBarButtonItem.m */ = {isa = PBXFileReference; fileEncoding = 4; lastKnownFileType = sourcecode.c.objc; path = MMDrawerBarButtonItem.m; sourceTree = "<group>"; };
		C46F517617DD7D48000C3B2E /* LeftViewController.h */ = {isa = PBXFileReference; fileEncoding = 4; lastKnownFileType = sourcecode.c.h; path = LeftViewController.h; sourceTree = "<group>"; };
		C46F517717DD7D48000C3B2E /* LeftViewController.m */ = {isa = PBXFileReference; fileEncoding = 4; lastKnownFileType = sourcecode.c.objc; path = LeftViewController.m; sourceTree = "<group>"; };
		C46F517917DD7D6A000C3B2E /* RightViewController.h */ = {isa = PBXFileReference; fileEncoding = 4; lastKnownFileType = sourcecode.c.h; path = RightViewController.h; sourceTree = "<group>"; };
		C46F517A17DD7D6B000C3B2E /* RightViewController.m */ = {isa = PBXFileReference; fileEncoding = 4; lastKnownFileType = sourcecode.c.objc; path = RightViewController.m; sourceTree = "<group>"; };
		C46F517C17DD7D72000C3B2E /* CenterViewController.h */ = {isa = PBXFileReference; fileEncoding = 4; lastKnownFileType = sourcecode.c.h; path = CenterViewController.h; sourceTree = "<group>"; };
		C46F517D17DD7D72000C3B2E /* CenterViewController.m */ = {isa = PBXFileReference; fileEncoding = 4; lastKnownFileType = sourcecode.c.objc; path = CenterViewController.m; sourceTree = "<group>"; };
/* End PBXFileReference section */

/* Begin PBXFrameworksBuildPhase section */
		C46F513B17DD7706000C3B2E /* Frameworks */ = {
			isa = PBXFrameworksBuildPhase;
			buildActionMask = 2147483647;
			files = (
				C46F515F17DD7836000C3B2E /* QuartzCore.framework in Frameworks */,
				C46F514217DD7706000C3B2E /* UIKit.framework in Frameworks */,
				C46F514417DD7706000C3B2E /* Foundation.framework in Frameworks */,
				C46F514617DD7706000C3B2E /* CoreGraphics.framework in Frameworks */,
			);
			runOnlyForDeploymentPostprocessing = 0;
		};
/* End PBXFrameworksBuildPhase section */

/* Begin PBXGroup section */
		C46F513517DD7706000C3B2E = {
			isa = PBXGroup;
			children = (
				C46F515E17DD7836000C3B2E /* QuartzCore.framework */,
				C46F514717DD7706000C3B2E /* SliderDraw */,
				C46F514017DD7706000C3B2E /* Frameworks */,
				C46F513F17DD7706000C3B2E /* Products */,
			);
			sourceTree = "<group>";
		};
		C46F513F17DD7706000C3B2E /* Products */ = {
			isa = PBXGroup;
			children = (
				C46F513E17DD7706000C3B2E /* SliderDraw.app */,
			);
			name = Products;
			sourceTree = "<group>";
		};
		C46F514017DD7706000C3B2E /* Frameworks */ = {
			isa = PBXGroup;
			children = (
				C46F514117DD7706000C3B2E /* UIKit.framework */,
				C46F514317DD7706000C3B2E /* Foundation.framework */,
				C46F514517DD7706000C3B2E /* CoreGraphics.framework */,
			);
			name = Frameworks;
			sourceTree = "<group>";
		};
		C46F514717DD7706000C3B2E /* SliderDraw */ = {
			isa = PBXGroup;
			children = (
				C46F517517DD7C13000C3B2E /* MMUtils */,
				C46F515017DD7706000C3B2E /* AppDelegate.h */,
				C46F515117DD7706000C3B2E /* AppDelegate.m */,
				C46F514817DD7706000C3B2E /* Supporting Files */,
				C46F517617DD7D48000C3B2E /* LeftViewController.h */,
				C46F517717DD7D48000C3B2E /* LeftViewController.m */,
				C46F517917DD7D6A000C3B2E /* RightViewController.h */,
				C46F517A17DD7D6B000C3B2E /* RightViewController.m */,
				C46F517C17DD7D72000C3B2E /* CenterViewController.h */,
				C46F517D17DD7D72000C3B2E /* CenterViewController.m */,
			);
			path = SliderDraw;
			sourceTree = "<group>";
		};
		C46F514817DD7706000C3B2E /* Supporting Files */ = {
			isa = PBXGroup;
			children = (
				C46F514917DD7706000C3B2E /* SliderDraw-Info.plist */,
				C46F514A17DD7706000C3B2E /* InfoPlist.strings */,
				C46F514D17DD7706000C3B2E /* main.m */,
				C46F514F17DD7706000C3B2E /* SliderDraw-Prefix.pch */,
				C46F515317DD7707000C3B2E /* Default.png */,
				C46F515517DD7707000C3B2E /* Default@2x.png */,
				C46F515717DD7707000C3B2E /* Default-568h@2x.png */,
			);
			name = "Supporting Files";
			sourceTree = "<group>";
		};
		C46F517517DD7C13000C3B2E /* MMUtils */ = {
			isa = PBXGroup;
			children = (
				C46F516017DD79CF000C3B2E /* MMDrawerController.h */,
				C46F516117DD79CF000C3B2E /* MMDrawerController.m */,
				C46F516617DD7A20000C3B2E /* UIViewController+MMDrawerController.h */,
				C46F516717DD7A20000C3B2E /* UIViewController+MMDrawerController.m */,
				C46F516C17DD7A68000C3B2E /* MMDrawerVisualState.h */,
				C46F516D17DD7A68000C3B2E /* MMDrawerVisualState.m */,
				C46F516F17DD7A8C000C3B2E /* MMExampleDrawerVisualStateManager.h */,
				C46F517017DD7A8C000C3B2E /* MMExampleDrawerVisualStateManager.m */,
				C46F517217DD7B27000C3B2E /* MMDrawerBarButtonItem.h */,
				C46F517317DD7B27000C3B2E /* MMDrawerBarButtonItem.m */,
			);
			name = MMUtils;
			sourceTree = "<group>";
		};
/* End PBXGroup section */

/* Begin PBXNativeTarget section */
		C46F513D17DD7706000C3B2E /* SliderDraw */ = {
			isa = PBXNativeTarget;
			buildConfigurationList = C46F515B17DD7707000C3B2E /* Build configuration list for PBXNativeTarget "SliderDraw" */;
			buildPhases = (
				C46F513A17DD7706000C3B2E /* Sources */,
				C46F513B17DD7706000C3B2E /* Frameworks */,
				C46F513C17DD7706000C3B2E /* Resources */,
			);
			buildRules = (
			);
			dependencies = (
			);
			name = SliderDraw;
			productName = SliderDraw;
			productReference = C46F513E17DD7706000C3B2E /* SliderDraw.app */;
			productType = "com.apple.product-type.application";
		};
/* End PBXNativeTarget section */

/* Begin PBXProject section */
		C46F513617DD7706000C3B2E /* Project object */ = {
			isa = PBXProject;
			attributes = {
				LastUpgradeCheck = 0460;
				ORGANIZATIONNAME = com.Sinosoft;
			};
			buildConfigurationList = C46F513917DD7706000C3B2E /* Build configuration list for PBXProject "SliderDraw" */;
			compatibilityVersion = "Xcode 3.2";
			developmentRegion = English;
			hasScannedForEncodings = 0;
			knownRegions = (
				en,
			);
			mainGroup = C46F513517DD7706000C3B2E;
			productRefGroup = C46F513F17DD7706000C3B2E /* Products */;
			projectDirPath = "";
			projectRoot = "";
			targets = (
				C46F513D17DD7706000C3B2E /* SliderDraw */,
			);
		};
/* End PBXProject section */

/* Begin PBXResourcesBuildPhase section */
		C46F513C17DD7706000C3B2E /* Resources */ = {
			isa = PBXResourcesBuildPhase;
			buildActionMask = 2147483647;
			files = (
				C46F514C17DD7706000C3B2E /* InfoPlist.strings in Resources */,
				C46F515417DD7707000C3B2E /* Default.png in Resources */,
				C46F515617DD7707000C3B2E /* Default@2x.png in Resources */,
				C46F515817DD7707000C3B2E /* Default-568h@2x.png in Resources */,
			);
			runOnlyForDeploymentPostprocessing = 0;
		};
/* End PBXResourcesBuildPhase section */

/* Begin PBXSourcesBuildPhase section */
		C46F513A17DD7706000C3B2E /* Sources */ = {
			isa = PBXSourcesBuildPhase;
			buildActionMask = 2147483647;
			files = (
				C46F514E17DD7706000C3B2E /* main.m in Sources */,
				C46F515217DD7706000C3B2E /* AppDelegate.m in Sources */,
				C46F516217DD79CF000C3B2E /* MMDrawerController.m in Sources */,
				C46F516817DD7A21000C3B2E /* UIViewController+MMDrawerController.m in Sources */,
				C46F516E17DD7A68000C3B2E /* MMDrawerVisualState.m in Sources */,
				C46F517117DD7A8C000C3B2E /* MMExampleDrawerVisualStateManager.m in Sources */,
				C46F517417DD7B27000C3B2E /* MMDrawerBarButtonItem.m in Sources */,
				C46F517817DD7D48000C3B2E /* LeftViewController.m in Sources */,
				C46F517B17DD7D6B000C3B2E /* RightViewController.m in Sources */,
				C46F517E17DD7D72000C3B2E /* CenterViewController.m in Sources */,
			);
			runOnlyForDeploymentPostprocessing = 0;
		};
/* End PBXSourcesBuildPhase section */

/* Begin PBXVariantGroup section */
		C46F514A17DD7706000C3B2E /* InfoPlist.strings */ = {
			isa = PBXVariantGroup;
			children = (
				C46F514B17DD7706000C3B2E /* en */,
			);
			name = InfoPlist.strings;
			sourceTree = "<group>";
		};
/* End PBXVariantGroup section */

/* Begin XCBuildConfiguration section */
		C46F515917DD7707000C3B2E /* Debug */ = {
			isa = XCBuildConfiguration;
			buildSettings = {
				ALWAYS_SEARCH_USER_PATHS = NO;
				CLANG_CXX_LANGUAGE_STANDARD = "gnu++0x";
				CLANG_CXX_LIBRARY = "libc++";
				CLANG_ENABLE_OBJC_ARC = YES;
				CLANG_WARN_CONSTANT_CONVERSION = YES;
				CLANG_WARN_EMPTY_BODY = YES;
				CLANG_WARN_ENUM_CONVERSION = YES;
				CLANG_WARN_INT_CONVERSION = YES;
				CLANG_WARN__DUPLICATE_METHOD_MATCH = YES;
				"CODE_SIGN_IDENTITY[sdk=iphoneos*]" = "iPhone Developer";
				COPY_PHASE_STRIP = NO;
				GCC_C_LANGUAGE_STANDARD = gnu99;
				GCC_DYNAMIC_NO_PIC = NO;
				GCC_OPTIMIZATION_LEVEL = 0;
				GCC_PREPROCESSOR_DEFINITIONS = (
					"DEBUG=1",
					"$(inherited)",
				);
				GCC_SYMBOLS_PRIVATE_EXTERN = NO;
				GCC_WARN_ABOUT_RETURN_TYPE = YES;
				GCC_WARN_UNINITIALIZED_AUTOS = YES;
				GCC_WARN_UNUSED_VARIABLE = YES;
				IPHONEOS_DEPLOYMENT_TARGET = 6.1;
				ONLY_ACTIVE_ARCH = YES;
				SDKROOT = iphoneos;
			};
			name = Debug;
		};
		C46F515A17DD7707000C3B2E /* Release */ = {
			isa = XCBuildConfiguration;
			buildSettings = {
				ALWAYS_SEARCH_USER_PATHS = NO;
				CLANG_CXX_LANGUAGE_STANDARD = "gnu++0x";
				CLANG_CXX_LIBRARY = "libc++";
				CLANG_ENABLE_OBJC_ARC = YES;
				CLANG_WARN_CONSTANT_CONVERSION = YES;
				CLANG_WARN_EMPTY_BODY = YES;
				CLANG_WARN_ENUM_CONVERSION = YES;
				CLANG_WARN_INT_CONVERSION = YES;
				CLANG_WARN__DUPLICATE_METHOD_MATCH = YES;
				"CODE_SIGN_IDENTITY[sdk=iphoneos*]" = "iPhone Developer";
				COPY_PHASE_STRIP = YES;
				GCC_C_LANGUAGE_STANDARD = gnu99;
				GCC_WARN_ABOUT_RETURN_TYPE = YES;
				GCC_WARN_UNINITIALIZED_AUTOS = YES;
				GCC_WARN_UNUSED_VARIABLE = YES;
				IPHONEOS_DEPLOYMENT_TARGET = 6.1;
				OTHER_CFLAGS = "-DNS_BLOCK_ASSERTIONS=1";
				SDKROOT = iphoneos;
				VALIDATE_PRODUCT = YES;
			};
			name = Release;
		};
		C46F515C17DD7707000C3B2E /* Debug */ = {
			isa = XCBuildConfiguration;
			buildSettings = {
				GCC_PRECOMPILE_PREFIX_HEADER = YES;
				GCC_PREFIX_HEADER = "SliderDraw/SliderDraw-Prefix.pch";
				INFOPLIST_FILE = "SliderDraw/SliderDraw-Info.plist";
				PRODUCT_NAME = "$(TARGET_NAME)";
				WRAPPER_EXTENSION = app;
			};
			name = Debug;
		};
		C46F515D17DD7707000C3B2E /* Release */ = {
			isa = XCBuildConfiguration;
			buildSettings = {
				GCC_PRECOMPILE_PREFIX_HEADER = YES;
				GCC_PREFIX_HEADER = "SliderDraw/SliderDraw-Prefix.pch";
				INFOPLIST_FILE = "SliderDraw/SliderDraw-Info.plist";
				PRODUCT_NAME = "$(TARGET_NAME)";
				WRAPPER_EXTENSION = app;
			};
			name = Release;
		};
/* End XCBuildConfiguration section */

/* Begin XCConfigurationList section */
		C46F513917DD7706000C3B2E /* Build configuration list for PBXProject "SliderDraw" */ = {
			isa = XCConfigurationList;
			buildConfigurations = (
				C46F515917DD7707000C3B2E /* Debug */,
				C46F515A17DD7707000C3B2E /* Release */,
			);
			defaultConfigurationIsVisible = 0;
			defaultConfigurationName = Release;
		};
		C46F515B17DD7707000C3B2E /* Build configuration list for PBXNativeTarget "SliderDraw" */ = {
			isa = XCConfigurationList;
			buildConfigurations = (
				C46F515C17DD7707000C3B2E /* Debug */,
				C46F515D17DD7707000C3B2E /* Release */,
			);
			defaultConfigurationIsVisible = 0;
			defaultConfigurationName = Release;
		};
/* End XCConfigurationList section */
	};
	rootObject = C46F513617DD7706000C3B2E /* Project object */;
}
